
Microsoft Visual Studio Solution File, Format Version 12.00
# Visual Studio 15
VisualStudioVersion = 15.0.28010.2048
MinimumVisualStudioVersion = 10.0.40219.1
Project("{9092AA53-FB77-4645-B42D-1CCCA6BD08BD}") = "FirstConsoleAppInJS", "FirstConsoleAppInJS\FirstConsoleAppInJS.njsproj", "{17C91BD5-7195-410B-A685-FAAF2CC9539F}"
EndProject
Project("{2150E333-8FDC-42A3-9474-1A3956D46DE8}") = "Model", "Model", "{45A1E666-EDE7-4AB9-A4D3-36882A32A53A}"
	ProjectSection(SolutionItems) = preProject
		carousel.js = carousel.js
	EndProjectSection
EndProject
Project("{2150E333-8FDC-42A3-9474-1A3956D46DE8}") = "View", "View", "{CD6999F0-9862-403B-8867-DCB682CAFEB6}"
	ProjectSection(SolutionItems) = preProject
		About.html = About.html
		Home.html = Home.html
		Products.html = Products.html
	EndProjectSection
EndProject
Project("{2150E333-8FDC-42A3-9474-1A3956D46DE8}") = "Content", "Content", "{9FD91290-CC19-4E70-9E2B-808F8802B501}"
	ProjectSection(SolutionItems) = preProject
		album.css = album.css
		carousel.css = carousel.css
		Home.css = Home.css
		Products.css = Products.css
		StyleSheet.css = StyleSheet.css
	EndProjectSection
EndProject
Project("{2150E333-8FDC-42A3-9474-1A3956D46DE8}") = "Script", "Script", "{D0214F1E-CD70-475B-86B3-14E0F48A940C}"
	ProjectSection(SolutionItems) = preProject
		BoothStrap.js = BoothStrap.js
		GetBoothStrap.js = GetBoothStrap.js
		Home.js = Home.js
		..\..\..\..\Documents\jquery.js = ..\..\..\..\Documents\jquery.js
		Vender.js = Vender.js
	EndProjectSection
EndProject
Global
	GlobalSection(SolutionConfigurationPlatforms) = preSolution
		Debug|Any CPU = Debug|Any CPU
		Release|Any CPU = Release|Any CPU
	EndGlobalSection
	GlobalSection(ProjectConfigurationPlatforms) = postSolution
		{17C91BD5-7195-410B-A685-FAAF2CC9539F}.Debug|Any CPU.ActiveCfg = Debug|Any CPU
		{17C91BD5-7195-410B-A685-FAAF2CC9539F}.Debug|Any CPU.Build.0 = Debug|Any CPU
		{17C91BD5-7195-410B-A685-FAAF2CC9539F}.Release|Any CPU.ActiveCfg = Release|Any CPU
		{17C91BD5-7195-410B-A685-FAAF2CC9539F}.Release|Any CPU.Build.0 = Release|Any CPU
	EndGlobalSection
	GlobalSection(SolutionProperties) = preSolution
		HideSolutionNode = FALSE
	EndGlobalSection
	GlobalSection(ExtensibilityGlobals) = postSolution
		SolutionGuid = {99E6613E-FF12-412E-966A-3E275B3263E4}
	EndGlobalSection
EndGlobal
